
Microsoft Visual Studio Solution File, Format Version 12.00
# Visual Studio Version 17
VisualStudioVersion = 17.1.32210.238
MinimumVisualStudioVersion = 10.0.40219.1
Project("{9A19103F-16F7-4668-BE54-9A1E7A4F7556}") = "Webshop_Client", "Webshop_Client\Webshop_Client.csproj", "{19F085DE-E827-4FC7-8B1B-A88A2B669F70}"
EndProject
Project("{9A19103F-16F7-4668-BE54-9A1E7A4F7556}") = "Webshop_Models", "Webshop_Models\Webshop_Models.csproj", "{0704611C-F679-4277-BAD2-C93274D02411}"
EndProject
Project("{FAE04EC0-301F-11D3-BF4B-00C04F79EFBC}") = "Webshop_Server", "Webshop_Server\Webshop_Server.csproj", "{CF74C6C5-D1AC-4628-9DFD-3A044228F8B5}"
EndProject
Global
	GlobalSection(SolutionConfigurationPlatforms) = preSolution
		Debug|Any CPU = Debug|Any CPU
		Release|Any CPU = Release|Any CPU
	EndGlobalSection
	GlobalSection(ProjectConfigurationPlatforms) = postSolution
		{19F085DE-E827-4FC7-8B1B-A88A2B669F70}.Debug|Any CPU.ActiveCfg = Debug|Any CPU
		{19F085DE-E827-4FC7-8B1B-A88A2B669F70}.Debug|Any CPU.Build.0 = Debug|Any CPU
		{19F085DE-E827-4FC7-8B1B-A88A2B669F70}.Release|Any CPU.ActiveCfg = Release|Any CPU
		{19F085DE-E827-4FC7-8B1B-A88A2B669F70}.Release|Any CPU.Build.0 = Release|Any CPU
		{0704611C-F679-4277-BAD2-C93274D02411}.Debug|Any CPU.ActiveCfg = Debug|Any CPU
		{0704611C-F679-4277-BAD2-C93274D02411}.Debug|Any CPU.Build.0 = Debug|Any CPU
		{0704611C-F679-4277-BAD2-C93274D02411}.Release|Any CPU.ActiveCfg = Release|Any CPU
		{0704611C-F679-4277-BAD2-C93274D02411}.Release|Any CPU.Build.0 = Release|Any CPU
		{CF74C6C5-D1AC-4628-9DFD-3A044228F8B5}.Debug|Any CPU.ActiveCfg = Debug|Any CPU
		{CF74C6C5-D1AC-4628-9DFD-3A044228F8B5}.Debug|Any CPU.Build.0 = Debug|Any CPU
		{CF74C6C5-D1AC-4628-9DFD-3A044228F8B5}.Release|Any CPU.ActiveCfg = Release|Any CPU
		{CF74C6C5-D1AC-4628-9DFD-3A044228F8B5}.Release|Any CPU.Build.0 = Release|Any CPU
	EndGlobalSection
	GlobalSection(SolutionProperties) = preSolution
		HideSolutionNode = FALSE
	EndGlobalSection
	GlobalSection(ExtensibilityGlobals) = postSolution
		SolutionGuid = {CEE3E75F-489A-4578-A219-E8E86E12AAE4}
	EndGlobalSection
EndGlobal
